// !$*UTF8*$!
{
	archiveVersion = 1;
	classes = {
	};
	objectVersion = 56;
	objects = {

/* Begin PBXBuildFile section */
		380A438F290C06B00056EF00 /* MockSide.swift in Sources */ = {isa = PBXBuildFile; fileRef = 380A438E290C06B00056EF00 /* MockSide.swift */; };
		3816A8C6290024A9005DA4A7 /* GoClock.framework in Frameworks */ = {isa = PBXBuildFile; fileRef = 3816A8BD290024A8005DA4A7 /* GoClock.framework */; };
		3816A8CC290024A9005DA4A7 /* GoClock.h in Headers */ = {isa = PBXBuildFile; fileRef = 3816A8C0290024A8005DA4A7 /* GoClock.h */; settings = {ATTRIBUTES = (Public, ); }; };
		386AF3B4290BFA97009CDE32 /* ConcreteSideTests.swift in Sources */ = {isa = PBXBuildFile; fileRef = 386AF3AD290BFA97009CDE32 /* ConcreteSideTests.swift */; };
		386AF3B5290BFA97009CDE32 /* GoTimerTests.swift in Sources */ = {isa = PBXBuildFile; fileRef = 386AF3AE290BFA97009CDE32 /* GoTimerTests.swift */; };
		386AF3B6290BFA97009CDE32 /* GoClockTests.swift in Sources */ = {isa = PBXBuildFile; fileRef = 386AF3AF290BFA97009CDE32 /* GoClockTests.swift */; };
		386AF3B7290BFA97009CDE32 /* MockTimer.swift in Sources */ = {isa = PBXBuildFile; fileRef = 386AF3B1290BFA97009CDE32 /* MockTimer.swift */; };
		386AF3B8290BFA97009CDE32 /* XCTestCase+TrackForMemoryLeaks.swift in Sources */ = {isa = PBXBuildFile; fileRef = 386AF3B2290BFA97009CDE32 /* XCTestCase+TrackForMemoryLeaks.swift */; };
		386AF3B9290BFA97009CDE32 /* GoClockIntegrationTests.swift in Sources */ = {isa = PBXBuildFile; fileRef = 386AF3B3290BFA97009CDE32 /* GoClockIntegrationTests.swift */; };
		386AF3BF290BFAA8009CDE32 /* GoTimer.swift in Sources */ = {isa = PBXBuildFile; fileRef = 386AF3BB290BFAA8009CDE32 /* GoTimer.swift */; };
		386AF3C0290BFAA8009CDE32 /* GoClock.swift in Sources */ = {isa = PBXBuildFile; fileRef = 386AF3BC290BFAA8009CDE32 /* GoClock.swift */; };
		386AF3C1290BFAA8009CDE32 /* Side.swift in Sources */ = {isa = PBXBuildFile; fileRef = 386AF3BD290BFAA8009CDE32 /* Side.swift */; };
/* End PBXBuildFile section */

/* Begin PBXContainerItemProxy section */
		3816A8C7290024A9005DA4A7 /* PBXContainerItemProxy */ = {
			isa = PBXContainerItemProxy;
			containerPortal = 3816A8B4290024A8005DA4A7 /* Project object */;
			proxyType = 1;
			remoteGlobalIDString = 3816A8BC290024A8005DA4A7;
			remoteInfo = GoClock;
		};
/* End PBXContainerItemProxy section */

/* Begin PBXFileReference section */
		380A438E290C06B00056EF00 /* MockSide.swift */ = {isa = PBXFileReference; lastKnownFileType = sourcecode.swift; path = MockSide.swift; sourceTree = "<group>"; };
		3816A8BD290024A8005DA4A7 /* GoClock.framework */ = {isa = PBXFileReference; explicitFileType = wrapper.framework; includeInIndex = 0; path = GoClock.framework; sourceTree = BUILT_PRODUCTS_DIR; };
		3816A8C0290024A8005DA4A7 /* GoClock.h */ = {isa = PBXFileReference; lastKnownFileType = sourcecode.c.h; path = GoClock.h; sourceTree = "<group>"; };
		3816A8C5290024A9005DA4A7 /* GoClockTests.xctest */ = {isa = PBXFileReference; explicitFileType = wrapper.cfbundle; includeInIndex = 0; path = GoClockTests.xctest; sourceTree = BUILT_PRODUCTS_DIR; };
		386AF3AD290BFA97009CDE32 /* ConcreteSideTests.swift */ = {isa = PBXFileReference; fileEncoding = 4; lastKnownFileType = sourcecode.swift; path = ConcreteSideTests.swift; sourceTree = "<group>"; };
		386AF3AE290BFA97009CDE32 /* GoTimerTests.swift */ = {isa = PBXFileReference; fileEncoding = 4; lastKnownFileType = sourcecode.swift; path = GoTimerTests.swift; sourceTree = "<group>"; };
		386AF3AF290BFA97009CDE32 /* GoClockTests.swift */ = {isa = PBXFileReference; fileEncoding = 4; lastKnownFileType = sourcecode.swift; path = GoClockTests.swift; sourceTree = "<group>"; };
		386AF3B1290BFA97009CDE32 /* MockTimer.swift */ = {isa = PBXFileReference; fileEncoding = 4; lastKnownFileType = sourcecode.swift; path = MockTimer.swift; sourceTree = "<group>"; };
		386AF3B2290BFA97009CDE32 /* XCTestCase+TrackForMemoryLeaks.swift */ = {isa = PBXFileReference; fileEncoding = 4; lastKnownFileType = sourcecode.swift; path = "XCTestCase+TrackForMemoryLeaks.swift"; sourceTree = "<group>"; };
		386AF3B3290BFA97009CDE32 /* GoClockIntegrationTests.swift */ = {isa = PBXFileReference; fileEncoding = 4; lastKnownFileType = sourcecode.swift; path = GoClockIntegrationTests.swift; sourceTree = "<group>"; };
		386AF3BB290BFAA8009CDE32 /* GoTimer.swift */ = {isa = PBXFileReference; fileEncoding = 4; lastKnownFileType = sourcecode.swift; path = GoTimer.swift; sourceTree = "<group>"; };
		386AF3BC290BFAA8009CDE32 /* GoClock.swift */ = {isa = PBXFileReference; fileEncoding = 4; lastKnownFileType = sourcecode.swift; path = GoClock.swift; sourceTree = "<group>"; };
		386AF3BD290BFAA8009CDE32 /* Side.swift */ = {isa = PBXFileReference; fileEncoding = 4; lastKnownFileType = sourcecode.swift; path = Side.swift; sourceTree = "<group>"; };
/* End PBXFileReference section */

/* Begin PBXFrameworksBuildPhase section */
		3816A8BA290024A8005DA4A7 /* Frameworks */ = {
			isa = PBXFrameworksBuildPhase;
			buildActionMask = 2147483647;
			files = (
			);
			runOnlyForDeploymentPostprocessing = 0;
		};
		3816A8C2290024A9005DA4A7 /* Frameworks */ = {
			isa = PBXFrameworksBuildPhase;
			buildActionMask = 2147483647;
			files = (
				3816A8C6290024A9005DA4A7 /* GoClock.framework in Frameworks */,
			);
			runOnlyForDeploymentPostprocessing = 0;
		};
/* End PBXFrameworksBuildPhase section */

/* Begin PBXGroup section */
		3816A8B3290024A8005DA4A7 = {
			isa = PBXGroup;
			children = (
				3816A8BF290024A8005DA4A7 /* GoClock */,
				3816A8C9290024A9005DA4A7 /* GoClockTests */,
				3816A8BE290024A8005DA4A7 /* Products */,
			);
			sourceTree = "<group>";
		};
		3816A8BE290024A8005DA4A7 /* Products */ = {
			isa = PBXGroup;
			children = (
				3816A8BD290024A8005DA4A7 /* GoClock.framework */,
				3816A8C5290024A9005DA4A7 /* GoClockTests.xctest */,
			);
			name = Products;
			sourceTree = "<group>";
		};
		3816A8BF290024A8005DA4A7 /* GoClock */ = {
			isa = PBXGroup;
			children = (
				3816A8C0290024A8005DA4A7 /* GoClock.h */,
				386AF3BC290BFAA8009CDE32 /* GoClock.swift */,
				386AF3BB290BFAA8009CDE32 /* GoTimer.swift */,
				386AF3BD290BFAA8009CDE32 /* Side.swift */,
			);
			path = GoClock;
			sourceTree = "<group>";
		};
		3816A8C9290024A9005DA4A7 /* GoClockTests */ = {
			isa = PBXGroup;
			children = (
				386AF3AF290BFA97009CDE32 /* GoClockTests.swift */,
				386AF3AD290BFA97009CDE32 /* ConcreteSideTests.swift */,
				386AF3AE290BFA97009CDE32 /* GoTimerTests.swift */,
				386AF3B3290BFA97009CDE32 /* GoClockIntegrationTests.swift */,
				386AF3B0290BFA97009CDE32 /* Test Helpers */,
			);
			path = GoClockTests;
			sourceTree = "<group>";
		};
		386AF3B0290BFA97009CDE32 /* Test Helpers */ = {
			isa = PBXGroup;
			children = (
				386AF3B1290BFA97009CDE32 /* MockTimer.swift */,
				380A438E290C06B00056EF00 /* MockSide.swift */,
				386AF3B2290BFA97009CDE32 /* XCTestCase+TrackForMemoryLeaks.swift */,
			);
			path = "Test Helpers";
			sourceTree = "<group>";
		};
/* End PBXGroup section */

/* Begin PBXHeadersBuildPhase section */
		3816A8B8290024A8005DA4A7 /* Headers */ = {
			isa = PBXHeadersBuildPhase;
			buildActionMask = 2147483647;
			files = (
				3816A8CC290024A9005DA4A7 /* GoClock.h in Headers */,
			);
			runOnlyForDeploymentPostprocessing = 0;
		};
/* End PBXHeadersBuildPhase section */

/* Begin PBXNativeTarget section */
		3816A8BC290024A8005DA4A7 /* GoClock */ = {
			isa = PBXNativeTarget;
			buildConfigurationList = 3816A8CF290024A9005DA4A7 /* Build configuration list for PBXNativeTarget "GoClock" */;
			buildPhases = (
				3816A8B8290024A8005DA4A7 /* Headers */,
				3816A8B9290024A8005DA4A7 /* Sources */,
				3816A8BA290024A8005DA4A7 /* Frameworks */,
				3816A8BB290024A8005DA4A7 /* Resources */,
			);
			buildRules = (
			);
			dependencies = (
			);
			name = GoClock;
			productName = GoClock;
			productReference = 3816A8BD290024A8005DA4A7 /* GoClock.framework */;
			productType = "com.apple.product-type.framework";
		};
		3816A8C4290024A9005DA4A7 /* GoClockTests */ = {
			isa = PBXNativeTarget;
			buildConfigurationList = 3816A8D2290024A9005DA4A7 /* Build configuration list for PBXNativeTarget "GoClockTests" */;
			buildPhases = (
				3816A8C1290024A9005DA4A7 /* Sources */,
				3816A8C2290024A9005DA4A7 /* Frameworks */,
				3816A8C3290024A9005DA4A7 /* Resources */,
			);
			buildRules = (
			);
			dependencies = (
				3816A8C8290024A9005DA4A7 /* PBXTargetDependency */,
			);
			name = GoClockTests;
			productName = GoClockTests;
			productReference = 3816A8C5290024A9005DA4A7 /* GoClockTests.xctest */;
			productType = "com.apple.product-type.bundle.unit-test";
		};
/* End PBXNativeTarget section */

/* Begin PBXProject section */
		3816A8B4290024A8005DA4A7 /* Project object */ = {
			isa = PBXProject;
			attributes = {
				BuildIndependentTargetsInParallel = 1;
				LastSwiftUpdateCheck = 1400;
				LastUpgradeCheck = 1410;
				TargetAttributes = {
					3816A8BC290024A8005DA4A7 = {
						CreatedOnToolsVersion = 14.0;
						LastSwiftMigration = 1400;
					};
					3816A8C4290024A9005DA4A7 = {
						CreatedOnToolsVersion = 14.0;
						LastSwiftMigration = 1400;
					};
				};
			};
			buildConfigurationList = 3816A8B7290024A8005DA4A7 /* Build configuration list for PBXProject "GoClock" */;
			compatibilityVersion = "Xcode 14.0";
			developmentRegion = en;
			hasScannedForEncodings = 0;
			knownRegions = (
				en,
				Base,
			);
			mainGroup = 3816A8B3290024A8005DA4A7;
			productRefGroup = 3816A8BE290024A8005DA4A7 /* Products */;
			projectDirPath = "";
			projectRoot = "";
			targets = (
				3816A8BC290024A8005DA4A7 /* GoClock */,
				3816A8C4290024A9005DA4A7 /* GoClockTests */,
			);
		};
/* End PBXProject section */

/* Begin PBXResourcesBuildPhase section */
		3816A8BB290024A8005DA4A7 /* Resources */ = {
			isa = PBXResourcesBuildPhase;
			buildActionMask = 2147483647;
			files = (
			);
			runOnlyForDeploymentPostprocessing = 0;
		};
		3816A8C3290024A9005DA4A7 /* Resources */ = {
			isa = PBXResourcesBuildPhase;
			buildActionMask = 2147483647;
			files = (
			);
			runOnlyForDeploymentPostprocessing = 0;
		};
/* End PBXResourcesBuildPhase section */

/* Begin PBXSourcesBuildPhase section */
		3816A8B9290024A8005DA4A7 /* Sources */ = {
			isa = PBXSourcesBuildPhase;
			buildActionMask = 2147483647;
			files = (
				386AF3C0290BFAA8009CDE32 /* GoClock.swift in Sources */,
				386AF3BF290BFAA8009CDE32 /* GoTimer.swift in Sources */,
				386AF3C1290BFAA8009CDE32 /* Side.swift in Sources */,
			);
			runOnlyForDeploymentPostprocessing = 0;
		};
		3816A8C1290024A9005DA4A7 /* Sources */ = {
			isa = PBXSourcesBuildPhase;
			buildActionMask = 2147483647;
			files = (
				386AF3B4290BFA97009CDE32 /* ConcreteSideTests.swift in Sources */,
				386AF3B9290BFA97009CDE32 /* GoClockIntegrationTests.swift in Sources */,
				380A438F290C06B00056EF00 /* MockSide.swift in Sources */,
				386AF3B7290BFA97009CDE32 /* MockTimer.swift in Sources */,
				386AF3B6290BFA97009CDE32 /* GoClockTests.swift in Sources */,
				386AF3B8290BFA97009CDE32 /* XCTestCase+TrackForMemoryLeaks.swift in Sources */,
				386AF3B5290BFA97009CDE32 /* GoTimerTests.swift in Sources */,
			);
			runOnlyForDeploymentPostprocessing = 0;
		};
/* End PBXSourcesBuildPhase section */

/* Begin PBXTargetDependency section */
		3816A8C8290024A9005DA4A7 /* PBXTargetDependency */ = {
			isa = PBXTargetDependency;
			target = 3816A8BC290024A8005DA4A7 /* GoClock */;
			targetProxy = 3816A8C7290024A9005DA4A7 /* PBXContainerItemProxy */;
		};
/* End PBXTargetDependency section */

/* Begin XCBuildConfiguration section */
		3816A8CD290024A9005DA4A7 /* Debug */ = {
			isa = XCBuildConfiguration;
			buildSettings = {
				ALWAYS_SEARCH_USER_PATHS = NO;
				CLANG_ANALYZER_NONNULL = YES;
				CLANG_ANALYZER_NUMBER_OBJECT_CONVERSION = YES_AGGRESSIVE;
				CLANG_CXX_LANGUAGE_STANDARD = "gnu++20";
				CLANG_ENABLE_MODULES = YES;
				CLANG_ENABLE_OBJC_ARC = YES;
				CLANG_ENABLE_OBJC_WEAK = YES;
				CLANG_WARN_BLOCK_CAPTURE_AUTORELEASING = YES;
				CLANG_WARN_BOOL_CONVERSION = YES;
				CLANG_WARN_COMMA = YES;
				CLANG_WARN_CONSTANT_CONVERSION = YES;
				CLANG_WARN_DEPRECATED_OBJC_IMPLEMENTATIONS = YES;
				CLANG_WARN_DIRECT_OBJC_ISA_USAGE = YES_ERROR;
				CLANG_WARN_DOCUMENTATION_COMMENTS = YES;
				CLANG_WARN_EMPTY_BODY = YES;
				CLANG_WARN_ENUM_CONVERSION = YES;
				CLANG_WARN_INFINITE_RECURSION = YES;
				CLANG_WARN_INT_CONVERSION = YES;
				CLANG_WARN_NON_LITERAL_NULL_CONVERSION = YES;
				CLANG_WARN_OBJC_IMPLICIT_RETAIN_SELF = YES;
				CLANG_WARN_OBJC_LITERAL_CONVERSION = YES;
				CLANG_WARN_OBJC_ROOT_CLASS = YES_ERROR;
				CLANG_WARN_QUOTED_INCLUDE_IN_FRAMEWORK_HEADER = YES;
				CLANG_WARN_RANGE_LOOP_ANALYSIS = YES;
				CLANG_WARN_STRICT_PROTOTYPES = YES;
				CLANG_WARN_SUSPICIOUS_MOVE = YES;
				CLANG_WARN_UNGUARDED_AVAILABILITY = YES_AGGRESSIVE;
				CLANG_WARN_UNREACHABLE_CODE = YES;
				CLANG_WARN__DUPLICATE_METHOD_MATCH = YES;
				COPY_PHASE_STRIP = NO;
				CURRENT_PROJECT_VERSION = 1;
				DEAD_CODE_STRIPPING = YES;
				DEBUG_INFORMATION_FORMAT = dwarf;
				ENABLE_STRICT_OBJC_MSGSEND = YES;
				ENABLE_TESTABILITY = YES;
				GCC_C_LANGUAGE_STANDARD = gnu11;
				GCC_DYNAMIC_NO_PIC = NO;
				GCC_NO_COMMON_BLOCKS = YES;
				GCC_OPTIMIZATION_LEVEL = 0;
				GCC_PREPROCESSOR_DEFINITIONS = (
					"DEBUG=1",
					"$(inherited)",
				);
				GCC_WARN_64_TO_32_BIT_CONVERSION = YES;
				GCC_WARN_ABOUT_RETURN_TYPE = YES_ERROR;
				GCC_WARN_UNDECLARED_SELECTOR = YES;
				GCC_WARN_UNINITIALIZED_AUTOS = YES_AGGRESSIVE;
				GCC_WARN_UNUSED_FUNCTION = YES;
				GCC_WARN_UNUSED_VARIABLE = YES;
				MACOSX_DEPLOYMENT_TARGET = 12.3;
				MTL_ENABLE_DEBUG_INFO = INCLUDE_SOURCE;
				MTL_FAST_MATH = YES;
				ONLY_ACTIVE_ARCH = YES;
				SDKROOT = macosx;
				SWIFT_ACTIVE_COMPILATION_CONDITIONS = DEBUG;
				SWIFT_OPTIMIZATION_LEVEL = "-Onone";
				VERSIONING_SYSTEM = "apple-generic";
				VERSION_INFO_PREFIX = "";
			};
			name = Debug;
		};
		3816A8CE290024A9005DA4A7 /* Release */ = {
			isa = XCBuildConfiguration;
			buildSettings = {
				ALWAYS_SEARCH_USER_PATHS = NO;
				CLANG_ANALYZER_NONNULL = YES;
				CLANG_ANALYZER_NUMBER_OBJECT_CONVERSION = YES_AGGRESSIVE;
				CLANG_CXX_LANGUAGE_STANDARD = "gnu++20";
				CLANG_ENABLE_MODULES = YES;
				CLANG_ENABLE_OBJC_ARC = YES;
				CLANG_ENABLE_OBJC_WEAK = YES;
				CLANG_WARN_BLOCK_CAPTURE_AUTORELEASING = YES;
				CLANG_WARN_BOOL_CONVERSION = YES;
				CLANG_WARN_COMMA = YES;
				CLANG_WARN_CONSTANT_CONVERSION = YES;
				CLANG_WARN_DEPRECATED_OBJC_IMPLEMENTATIONS = YES;
				CLANG_WARN_DIRECT_OBJC_ISA_USAGE = YES_ERROR;
				CLANG_WARN_DOCUMENTATION_COMMENTS = YES;
				CLANG_WARN_EMPTY_BODY = YES;
				CLANG_WARN_ENUM_CONVERSION = YES;
				CLANG_WARN_INFINITE_RECURSION = YES;
				CLANG_WARN_INT_CONVERSION = YES;
				CLANG_WARN_NON_LITERAL_NULL_CONVERSION = YES;
				CLANG_WARN_OBJC_IMPLICIT_RETAIN_SELF = YES;
				CLANG_WARN_OBJC_LITERAL_CONVERSION = YES;
				CLANG_WARN_OBJC_ROOT_CLASS = YES_ERROR;
				CLANG_WARN_QUOTED_INCLUDE_IN_FRAMEWORK_HEADER = YES;
				CLANG_WARN_RANGE_LOOP_ANALYSIS = YES;
				CLANG_WARN_STRICT_PROTOTYPES = YES;
				CLANG_WARN_SUSPICIOUS_MOVE = YES;
				CLANG_WARN_UNGUARDED_AVAILABILITY = YES_AGGRESSIVE;
				CLANG_WARN_UNREACHABLE_CODE = YES;
				CLANG_WARN__DUPLICATE_METHOD_MATCH = YES;
				COPY_PHASE_STRIP = NO;
				CURRENT_PROJECT_VERSION = 1;
				DEAD_CODE_STRIPPING = YES;
				DEBUG_INFORMATION_FORMAT = "dwarf-with-dsym";
				ENABLE_NS_ASSERTIONS = NO;
				ENABLE_STRICT_OBJC_MSGSEND = YES;
				GCC_C_LANGUAGE_STANDARD = gnu11;
				GCC_NO_COMMON_BLOCKS = YES;
				GCC_WARN_64_TO_32_BIT_CONVERSION = YES;
				GCC_WARN_ABOUT_RETURN_TYPE = YES_ERROR;
				GCC_WARN_UNDECLARED_SELECTOR = YES;
				GCC_WARN_UNINITIALIZED_AUTOS = YES_AGGRESSIVE;
				GCC_WARN_UNUSED_FUNCTION = YES;
				GCC_WARN_UNUSED_VARIABLE = YES;
				MACOSX_DEPLOYMENT_TARGET = 12.3;
				MTL_ENABLE_DEBUG_INFO = NO;
				MTL_FAST_MATH = YES;
				SDKROOT = macosx;
				SWIFT_COMPILATION_MODE = wholemodule;
				SWIFT_OPTIMIZATION_LEVEL = "-O";
				VERSIONING_SYSTEM = "apple-generic";
				VERSION_INFO_PREFIX = "";
			};
			name = Release;
		};
		3816A8D0290024A9005DA4A7 /* Debug */ = {
			isa = XCBuildConfiguration;
			buildSettings = {
				CLANG_ENABLE_MODULES = YES;
				"CODE_SIGN_IDENTITY[sdk=macosx*]" = "-";
				CODE_SIGN_STYLE = Automatic;
				COMBINE_HIDPI_IMAGES = YES;
				CURRENT_PROJECT_VERSION = 1;
				DEAD_CODE_STRIPPING = YES;
				DEFINES_MODULE = YES;
				DEVELOPMENT_TEAM = M473HHV7M5;
				DYLIB_COMPATIBILITY_VERSION = 1;
				DYLIB_CURRENT_VERSION = 1;
				DYLIB_INSTALL_NAME_BASE = "@rpath";
				GENERATE_INFOPLIST_FILE = YES;
				INFOPLIST_KEY_NSHumanReadableCopyright = "";
				INSTALL_PATH = "$(LOCAL_LIBRARY_DIR)/Frameworks";
				IPHONEOS_DEPLOYMENT_TARGET = 14.0;
				LD_RUNPATH_SEARCH_PATHS = (
					"$(inherited)",
					"@executable_path/../Frameworks",
					"@loader_path/Frameworks",
				);
				MARKETING_VERSION = 1.0;
				PRODUCT_BUNDLE_IDENTIFIER = com.zky.GoClock;
				PRODUCT_NAME = "$(TARGET_NAME:c99extidentifier)";
				SKIP_INSTALL = YES;
				SUPPORTED_PLATFORMS = "iphoneos iphonesimulator macosx";
				SUPPORTS_MACCATALYST = NO;
				SUPPORTS_MAC_DESIGNED_FOR_IPHONE_IPAD = NO;
				SWIFT_EMIT_LOC_STRINGS = YES;
				SWIFT_OPTIMIZATION_LEVEL = "-Onone";
				SWIFT_VERSION = 5.0;
				TARGETED_DEVICE_FAMILY = 1;
			};
			name = Debug;
		};
		3816A8D1290024A9005DA4A7 /* Release */ = {
			isa = XCBuildConfiguration;
			buildSettings = {
				CLANG_ENABLE_MODULES = YES;
				"CODE_SIGN_IDENTITY[sdk=macosx*]" = "-";
				CODE_SIGN_STYLE = Automatic;
				COMBINE_HIDPI_IMAGES = YES;
				CURRENT_PROJECT_VERSION = 1;
				DEAD_CODE_STRIPPING = YES;
				DEFINES_MODULE = YES;
				DEVELOPMENT_TEAM = M473HHV7M5;
				DYLIB_COMPATIBILITY_VERSION = 1;
				DYLIB_CURRENT_VERSION = 1;
				DYLIB_INSTALL_NAME_BASE = "@rpath";
				GENERATE_INFOPLIST_FILE = YES;
				INFOPLIST_KEY_NSHumanReadableCopyright = "";
				INSTALL_PATH = "$(LOCAL_LIBRARY_DIR)/Frameworks";
				IPHONEOS_DEPLOYMENT_TARGET = 14.0;
				LD_RUNPATH_SEARCH_PATHS = (
					"$(inherited)",
					"@executable_path/../Frameworks",
					"@loader_path/Frameworks",
				);
				MARKETING_VERSION = 1.0;
				PRODUCT_BUNDLE_IDENTIFIER = com.zky.GoClock;
				PRODUCT_NAME = "$(TARGET_NAME:c99extidentifier)";
				SKIP_INSTALL = YES;
				SUPPORTED_PLATFORMS = "iphoneos iphonesimulator macosx";
				SUPPORTS_MACCATALYST = NO;
				SUPPORTS_MAC_DESIGNED_FOR_IPHONE_IPAD = NO;
				SWIFT_EMIT_LOC_STRINGS = YES;
				SWIFT_VERSION = 5.0;
				TARGETED_DEVICE_FAMILY = 1;
			};
			name = Release;
		};
		3816A8D3290024A9005DA4A7 /* Debug */ = {
			isa = XCBuildConfiguration;
			buildSettings = {
				ALWAYS_EMBED_SWIFT_STANDARD_LIBRARIES = YES;
				CLANG_ENABLE_MODULES = YES;
				"CODE_SIGN_IDENTITY[sdk=macosx*]" = "-";
				CODE_SIGN_STYLE = Automatic;
				CURRENT_PROJECT_VERSION = 1;
				DEAD_CODE_STRIPPING = YES;
				DEVELOPMENT_TEAM = M473HHV7M5;
				GENERATE_INFOPLIST_FILE = YES;
				IPHONEOS_DEPLOYMENT_TARGET = 14.0;
				LD_RUNPATH_SEARCH_PATHS = (
					"$(inherited)",
					"@executable_path/../Frameworks",
					"@loader_path/../Frameworks",
				);
				MARKETING_VERSION = 1.0;
				PRODUCT_BUNDLE_IDENTIFIER = com.zky.GoClockTests;
				PRODUCT_NAME = "$(TARGET_NAME)";
				SUPPORTED_PLATFORMS = "iphoneos iphonesimulator macosx";
				SUPPORTS_MACCATALYST = NO;
				SUPPORTS_MAC_DESIGNED_FOR_IPHONE_IPAD = NO;
				SWIFT_EMIT_LOC_STRINGS = NO;
				SWIFT_OPTIMIZATION_LEVEL = "-Onone";
				SWIFT_VERSION = 5.0;
				TARGETED_DEVICE_FAMILY = 1;
			};
			name = Debug;
		};
		3816A8D4290024A9005DA4A7 /* Release */ = {
			isa = XCBuildConfiguration;
			buildSettings = {
				ALWAYS_EMBED_SWIFT_STANDARD_LIBRARIES = YES;
				CLANG_ENABLE_MODULES = YES;
				"CODE_SIGN_IDENTITY[sdk=macosx*]" = "-";
				CODE_SIGN_STYLE = Automatic;
				CURRENT_PROJECT_VERSION = 1;
				DEAD_CODE_STRIPPING = YES;
				DEVELOPMENT_TEAM = M473HHV7M5;
				GENERATE_INFOPLIST_FILE = YES;
				IPHONEOS_DEPLOYMENT_TARGET = 14.0;
				LD_RUNPATH_SEARCH_PATHS = (
					"$(inherited)",
					"@executable_path/../Frameworks",
					"@loader_path/../Frameworks",
				);
				MARKETING_VERSION = 1.0;
				PRODUCT_BUNDLE_IDENTIFIER = com.zky.GoClockTests;
				PRODUCT_NAME = "$(TARGET_NAME)";
				SUPPORTED_PLATFORMS = "iphoneos iphonesimulator macosx";
				SUPPORTS_MACCATALYST = NO;
				SUPPORTS_MAC_DESIGNED_FOR_IPHONE_IPAD = NO;
				SWIFT_EMIT_LOC_STRINGS = NO;
				SWIFT_VERSION = 5.0;
				TARGETED_DEVICE_FAMILY = 1;
			};
			name = Release;
		};
/* End XCBuildConfiguration section */

/* Begin XCConfigurationList section */
		3816A8B7290024A8005DA4A7 /* Build configuration list for PBXProject "GoClock" */ = {
			isa = XCConfigurationList;
			buildConfigurations = (
				3816A8CD290024A9005DA4A7 /* Debug */,
				3816A8CE290024A9005DA4A7 /* Release */,
			);
			defaultConfigurationIsVisible = 0;
			defaultConfigurationName = Release;
		};
		3816A8CF290024A9005DA4A7 /* Build configuration list for PBXNativeTarget "GoClock" */ = {
			isa = XCConfigurationList;
			buildConfigurations = (
				3816A8D0290024A9005DA4A7 /* Debug */,
				3816A8D1290024A9005DA4A7 /* Release */,
			);
			defaultConfigurationIsVisible = 0;
			defaultConfigurationName = Release;
		};
		3816A8D2290024A9005DA4A7 /* Build configuration list for PBXNativeTarget "GoClockTests" */ = {
			isa = XCConfigurationList;
			buildConfigurations = (
				3816A8D3290024A9005DA4A7 /* Debug */,
				3816A8D4290024A9005DA4A7 /* Release */,
			);
			defaultConfigurationIsVisible = 0;
			defaultConfigurationName = Release;
		};
/* End XCConfigurationList section */
	};
	rootObject = 3816A8B4290024A8005DA4A7 /* Project object */;
}
