// !$*UTF8*$!
{
	archiveVersion = 1;
	classes = {
	};
	objectVersion = 56;
	objects = {

/* Begin PBXBuildFile section */
		380A438B290C02860056EF00 /* GoClock.framework in Frameworks */ = {isa = PBXBuildFile; fileRef = 380A438A290C02860056EF00 /* GoClock.framework */; };
		380A438C290C02860056EF00 /* GoClock.framework in Embed Frameworks */ = {isa = PBXBuildFile; fileRef = 380A438A290C02860056EF00 /* GoClock.framework */; settings = {ATTRIBUTES = (CodeSignOnCopy, RemoveHeadersOnCopy, ); }; };
		380A4393290C079C0056EF00 /* XCTestCase+TrackForMemoryLeaks.swift in Sources */ = {isa = PBXBuildFile; fileRef = 380A4392290C079C0056EF00 /* XCTestCase+TrackForMemoryLeaks.swift */; };
		380A4395290F9F3A0056EF00 /* SideView.swift in Sources */ = {isa = PBXBuildFile; fileRef = 380A4394290F9F3A0056EF00 /* SideView.swift */; };
		380A4397290F9F980056EF00 /* GoClockSnapshotTests.swift in Sources */ = {isa = PBXBuildFile; fileRef = 380A4396290F9F980056EF00 /* GoClockSnapshotTests.swift */; };
		386AF3CF290BFBF6009CDE32 /* AppDelegate.swift in Sources */ = {isa = PBXBuildFile; fileRef = 386AF3CE290BFBF6009CDE32 /* AppDelegate.swift */; };
		386AF3D1290BFBF6009CDE32 /* SceneDelegate.swift in Sources */ = {isa = PBXBuildFile; fileRef = 386AF3D0290BFBF6009CDE32 /* SceneDelegate.swift */; };
		386AF3D3290BFBF6009CDE32 /* GoClockViewController.swift in Sources */ = {isa = PBXBuildFile; fileRef = 386AF3D2290BFBF6009CDE32 /* GoClockViewController.swift */; };
		386AF3D8290BFBF8009CDE32 /* Assets.xcassets in Resources */ = {isa = PBXBuildFile; fileRef = 386AF3D7290BFBF8009CDE32 /* Assets.xcassets */; };
		386AF3DB290BFBF8009CDE32 /* LaunchScreen.storyboard in Resources */ = {isa = PBXBuildFile; fileRef = 386AF3D9290BFBF8009CDE32 /* LaunchScreen.storyboard */; };
		386AF3E6290BFBF8009CDE32 /* GoClockViewControllerTests.swift in Sources */ = {isa = PBXBuildFile; fileRef = 386AF3E5290BFBF8009CDE32 /* GoClockViewControllerTests.swift */; };
		38F14557291C9BB200D0B1EE /* snapshots in Resources */ = {isa = PBXBuildFile; fileRef = 38F14556291C9BB200D0B1EE /* snapshots */; };
		38F145692921C6C200D0B1EE /* MockTimer.swift in Sources */ = {isa = PBXBuildFile; fileRef = 38F145682921C6C200D0B1EE /* MockTimer.swift */; };
		38F14572292275F500D0B1EE /* MockGoClockEx.swift in Sources */ = {isa = PBXBuildFile; fileRef = 38F14571292275F500D0B1EE /* MockGoClockEx.swift */; };
/* End PBXBuildFile section */

/* Begin PBXContainerItemProxy section */
		386AF3E2290BFBF8009CDE32 /* PBXContainerItemProxy */ = {
			isa = PBXContainerItemProxy;
			containerPortal = 386AF3C3290BFBF6009CDE32 /* Project object */;
			proxyType = 1;
			remoteGlobalIDString = 386AF3CA290BFBF6009CDE32;
			remoteInfo = GoClockApp;
		};
/* End PBXContainerItemProxy section */

/* Begin PBXCopyFilesBuildPhase section */
		380A438D290C02860056EF00 /* Embed Frameworks */ = {
			isa = PBXCopyFilesBuildPhase;
			buildActionMask = 2147483647;
			dstPath = "";
			dstSubfolderSpec = 10;
			files = (
				380A438C290C02860056EF00 /* GoClock.framework in Embed Frameworks */,
			);
			name = "Embed Frameworks";
			runOnlyForDeploymentPostprocessing = 0;
		};
/* End PBXCopyFilesBuildPhase section */

/* Begin PBXFileReference section */
		380A438A290C02860056EF00 /* GoClock.framework */ = {isa = PBXFileReference; explicitFileType = wrapper.framework; path = GoClock.framework; sourceTree = BUILT_PRODUCTS_DIR; };
		380A4392290C079C0056EF00 /* XCTestCase+TrackForMemoryLeaks.swift */ = {isa = PBXFileReference; lastKnownFileType = sourcecode.swift; path = "XCTestCase+TrackForMemoryLeaks.swift"; sourceTree = "<group>"; };
		380A4394290F9F3A0056EF00 /* SideView.swift */ = {isa = PBXFileReference; lastKnownFileType = sourcecode.swift; path = SideView.swift; sourceTree = "<group>"; };
		380A4396290F9F980056EF00 /* GoClockSnapshotTests.swift */ = {isa = PBXFileReference; lastKnownFileType = sourcecode.swift; path = GoClockSnapshotTests.swift; sourceTree = "<group>"; };
		386AF3CB290BFBF6009CDE32 /* GoClockApp.app */ = {isa = PBXFileReference; explicitFileType = wrapper.application; includeInIndex = 0; path = GoClockApp.app; sourceTree = BUILT_PRODUCTS_DIR; };
		386AF3CE290BFBF6009CDE32 /* AppDelegate.swift */ = {isa = PBXFileReference; lastKnownFileType = sourcecode.swift; path = AppDelegate.swift; sourceTree = "<group>"; };
		386AF3D0290BFBF6009CDE32 /* SceneDelegate.swift */ = {isa = PBXFileReference; lastKnownFileType = sourcecode.swift; path = SceneDelegate.swift; sourceTree = "<group>"; };
		386AF3D2290BFBF6009CDE32 /* GoClockViewController.swift */ = {isa = PBXFileReference; lastKnownFileType = sourcecode.swift; path = GoClockViewController.swift; sourceTree = "<group>"; };
		386AF3D7290BFBF8009CDE32 /* Assets.xcassets */ = {isa = PBXFileReference; lastKnownFileType = folder.assetcatalog; path = Assets.xcassets; sourceTree = "<group>"; };
		386AF3DA290BFBF8009CDE32 /* Base */ = {isa = PBXFileReference; lastKnownFileType = file.storyboard; name = Base; path = Base.lproj/LaunchScreen.storyboard; sourceTree = "<group>"; };
		386AF3DC290BFBF8009CDE32 /* Info.plist */ = {isa = PBXFileReference; lastKnownFileType = text.plist.xml; path = Info.plist; sourceTree = "<group>"; };
		386AF3E1290BFBF8009CDE32 /* GoClockAppTests.xctest */ = {isa = PBXFileReference; explicitFileType = wrapper.cfbundle; includeInIndex = 0; path = GoClockAppTests.xctest; sourceTree = BUILT_PRODUCTS_DIR; };
		386AF3E5290BFBF8009CDE32 /* GoClockViewControllerTests.swift */ = {isa = PBXFileReference; lastKnownFileType = sourcecode.swift; path = GoClockViewControllerTests.swift; sourceTree = "<group>"; };
		38F14556291C9BB200D0B1EE /* snapshots */ = {isa = PBXFileReference; lastKnownFileType = folder; path = snapshots; sourceTree = "<group>"; };
		38F145682921C6C200D0B1EE /* MockTimer.swift */ = {isa = PBXFileReference; lastKnownFileType = sourcecode.swift; path = MockTimer.swift; sourceTree = "<group>"; };
		38F14571292275F500D0B1EE /* MockGoClockEx.swift */ = {isa = PBXFileReference; lastKnownFileType = sourcecode.swift; path = MockGoClockEx.swift; sourceTree = "<group>"; };
/* End PBXFileReference section */

/* Begin PBXFrameworksBuildPhase section */
		386AF3C8290BFBF6009CDE32 /* Frameworks */ = {
			isa = PBXFrameworksBuildPhase;
			buildActionMask = 2147483647;
			files = (
				380A438B290C02860056EF00 /* GoClock.framework in Frameworks */,
			);
			runOnlyForDeploymentPostprocessing = 0;
		};
		386AF3DE290BFBF8009CDE32 /* Frameworks */ = {
			isa = PBXFrameworksBuildPhase;
			buildActionMask = 2147483647;
			files = (
			);
			runOnlyForDeploymentPostprocessing = 0;
		};
/* End PBXFrameworksBuildPhase section */

/* Begin PBXGroup section */
		380A4389290C02860056EF00 /* Frameworks */ = {
			isa = PBXGroup;
			children = (
				380A438A290C02860056EF00 /* GoClock.framework */,
			);
			name = Frameworks;
			sourceTree = "<group>";
		};
		380A4398290FA05D0056EF00 /* Test Helpers */ = {
			isa = PBXGroup;
			children = (
				380A4392290C079C0056EF00 /* XCTestCase+TrackForMemoryLeaks.swift */,
				38F145682921C6C200D0B1EE /* MockTimer.swift */,
				38F14571292275F500D0B1EE /* MockGoClockEx.swift */,
			);
			path = "Test Helpers";
			sourceTree = "<group>";
		};
		386AF3C2290BFBF6009CDE32 = {
			isa = PBXGroup;
			children = (
				386AF3CD290BFBF6009CDE32 /* GoClockApp */,
				386AF3E4290BFBF8009CDE32 /* GoClockAppTests */,
				386AF3CC290BFBF6009CDE32 /* Products */,
				380A4389290C02860056EF00 /* Frameworks */,
			);
			sourceTree = "<group>";
		};
		386AF3CC290BFBF6009CDE32 /* Products */ = {
			isa = PBXGroup;
			children = (
				386AF3CB290BFBF6009CDE32 /* GoClockApp.app */,
				386AF3E1290BFBF8009CDE32 /* GoClockAppTests.xctest */,
			);
			name = Products;
			sourceTree = "<group>";
		};
		386AF3CD290BFBF6009CDE32 /* GoClockApp */ = {
			isa = PBXGroup;
			children = (
				386AF3CE290BFBF6009CDE32 /* AppDelegate.swift */,
				386AF3D0290BFBF6009CDE32 /* SceneDelegate.swift */,
				386AF3D2290BFBF6009CDE32 /* GoClockViewController.swift */,
				380A4394290F9F3A0056EF00 /* SideView.swift */,
				386AF3D7290BFBF8009CDE32 /* Assets.xcassets */,
				386AF3D9290BFBF8009CDE32 /* LaunchScreen.storyboard */,
				386AF3DC290BFBF8009CDE32 /* Info.plist */,
			);
			path = GoClockApp;
			sourceTree = "<group>";
		};
		386AF3E4290BFBF8009CDE32 /* GoClockAppTests */ = {
			isa = PBXGroup;
			children = (
				386AF3E5290BFBF8009CDE32 /* GoClockViewControllerTests.swift */,
				380A4396290F9F980056EF00 /* GoClockSnapshotTests.swift */,
				380A4398290FA05D0056EF00 /* Test Helpers */,
				38F14556291C9BB200D0B1EE /* snapshots */,
			);
			path = GoClockAppTests;
			sourceTree = "<group>";
		};
/* End PBXGroup section */

/* Begin PBXNativeTarget section */
		386AF3CA290BFBF6009CDE32 /* GoClockApp */ = {
			isa = PBXNativeTarget;
			buildConfigurationList = 386AF3F5290BFBF9009CDE32 /* Build configuration list for PBXNativeTarget "GoClockApp" */;
			buildPhases = (
				386AF3C7290BFBF6009CDE32 /* Sources */,
				386AF3C8290BFBF6009CDE32 /* Frameworks */,
				386AF3C9290BFBF6009CDE32 /* Resources */,
				380A438D290C02860056EF00 /* Embed Frameworks */,
			);
			buildRules = (
			);
			dependencies = (
			);
			name = GoClockApp;
			productName = GoClockApp;
			productReference = 386AF3CB290BFBF6009CDE32 /* GoClockApp.app */;
			productType = "com.apple.product-type.application";
		};
		386AF3E0290BFBF8009CDE32 /* GoClockAppTests */ = {
			isa = PBXNativeTarget;
			buildConfigurationList = 386AF3F8290BFBF9009CDE32 /* Build configuration list for PBXNativeTarget "GoClockAppTests" */;
			buildPhases = (
				386AF3DD290BFBF8009CDE32 /* Sources */,
				386AF3DE290BFBF8009CDE32 /* Frameworks */,
				386AF3DF290BFBF8009CDE32 /* Resources */,
			);
			buildRules = (
			);
			dependencies = (
				386AF3E3290BFBF8009CDE32 /* PBXTargetDependency */,
			);
			name = GoClockAppTests;
			productName = GoClockAppTests;
			productReference = 386AF3E1290BFBF8009CDE32 /* GoClockAppTests.xctest */;
			productType = "com.apple.product-type.bundle.unit-test";
		};
/* End PBXNativeTarget section */

/* Begin PBXProject section */
		386AF3C3290BFBF6009CDE32 /* Project object */ = {
			isa = PBXProject;
			attributes = {
				BuildIndependentTargetsInParallel = 1;
				LastSwiftUpdateCheck = 1400;
				LastUpgradeCheck = 1410;
				TargetAttributes = {
					386AF3CA290BFBF6009CDE32 = {
						CreatedOnToolsVersion = 14.0;
					};
					386AF3E0290BFBF8009CDE32 = {
						CreatedOnToolsVersion = 14.0;
						TestTargetID = 386AF3CA290BFBF6009CDE32;
					};
				};
			};
			buildConfigurationList = 386AF3C6290BFBF6009CDE32 /* Build configuration list for PBXProject "GoClockApp" */;
			compatibilityVersion = "Xcode 14.0";
			developmentRegion = en;
			hasScannedForEncodings = 0;
			knownRegions = (
				en,
				Base,
			);
			mainGroup = 386AF3C2290BFBF6009CDE32;
			productRefGroup = 386AF3CC290BFBF6009CDE32 /* Products */;
			projectDirPath = "";
			projectRoot = "";
			targets = (
				386AF3CA290BFBF6009CDE32 /* GoClockApp */,
				386AF3E0290BFBF8009CDE32 /* GoClockAppTests */,
			);
		};
/* End PBXProject section */

/* Begin PBXResourcesBuildPhase section */
		386AF3C9290BFBF6009CDE32 /* Resources */ = {
			isa = PBXResourcesBuildPhase;
			buildActionMask = 2147483647;
			files = (
				386AF3DB290BFBF8009CDE32 /* LaunchScreen.storyboard in Resources */,
				386AF3D8290BFBF8009CDE32 /* Assets.xcassets in Resources */,
			);
			runOnlyForDeploymentPostprocessing = 0;
		};
		386AF3DF290BFBF8009CDE32 /* Resources */ = {
			isa = PBXResourcesBuildPhase;
			buildActionMask = 2147483647;
			files = (
				38F14557291C9BB200D0B1EE /* snapshots in Resources */,
			);
			runOnlyForDeploymentPostprocessing = 0;
		};
/* End PBXResourcesBuildPhase section */

/* Begin PBXSourcesBuildPhase section */
		386AF3C7290BFBF6009CDE32 /* Sources */ = {
			isa = PBXSourcesBuildPhase;
			buildActionMask = 2147483647;
			files = (
				386AF3D3290BFBF6009CDE32 /* GoClockViewController.swift in Sources */,
				380A4395290F9F3A0056EF00 /* SideView.swift in Sources */,
				386AF3CF290BFBF6009CDE32 /* AppDelegate.swift in Sources */,
				386AF3D1290BFBF6009CDE32 /* SceneDelegate.swift in Sources */,
			);
			runOnlyForDeploymentPostprocessing = 0;
		};
		386AF3DD290BFBF8009CDE32 /* Sources */ = {
			isa = PBXSourcesBuildPhase;
			buildActionMask = 2147483647;
			files = (
				38F145692921C6C200D0B1EE /* MockTimer.swift in Sources */,
				38F14572292275F500D0B1EE /* MockGoClockEx.swift in Sources */,
				380A4393290C079C0056EF00 /* XCTestCase+TrackForMemoryLeaks.swift in Sources */,
				380A4397290F9F980056EF00 /* GoClockSnapshotTests.swift in Sources */,
				386AF3E6290BFBF8009CDE32 /* GoClockViewControllerTests.swift in Sources */,
			);
			runOnlyForDeploymentPostprocessing = 0;
		};
/* End PBXSourcesBuildPhase section */

/* Begin PBXTargetDependency section */
		386AF3E3290BFBF8009CDE32 /* PBXTargetDependency */ = {
			isa = PBXTargetDependency;
			target = 386AF3CA290BFBF6009CDE32 /* GoClockApp */;
			targetProxy = 386AF3E2290BFBF8009CDE32 /* PBXContainerItemProxy */;
		};
/* End PBXTargetDependency section */

/* Begin PBXVariantGroup section */
		386AF3D9290BFBF8009CDE32 /* LaunchScreen.storyboard */ = {
			isa = PBXVariantGroup;
			children = (
				386AF3DA290BFBF8009CDE32 /* Base */,
			);
			name = LaunchScreen.storyboard;
			sourceTree = "<group>";
		};
/* End PBXVariantGroup section */

/* Begin XCBuildConfiguration section */
		386AF3F3290BFBF9009CDE32 /* Debug */ = {
			isa = XCBuildConfiguration;
			buildSettings = {
				ALWAYS_SEARCH_USER_PATHS = NO;
				CLANG_ANALYZER_NONNULL = YES;
				CLANG_ANALYZER_NUMBER_OBJECT_CONVERSION = YES_AGGRESSIVE;
				CLANG_CXX_LANGUAGE_STANDARD = "gnu++20";
				CLANG_ENABLE_MODULES = YES;
				CLANG_ENABLE_OBJC_ARC = YES;
				CLANG_ENABLE_OBJC_WEAK = YES;
				CLANG_WARN_BLOCK_CAPTURE_AUTORELEASING = YES;
				CLANG_WARN_BOOL_CONVERSION = YES;
				CLANG_WARN_COMMA = YES;
				CLANG_WARN_CONSTANT_CONVERSION = YES;
				CLANG_WARN_DEPRECATED_OBJC_IMPLEMENTATIONS = YES;
				CLANG_WARN_DIRECT_OBJC_ISA_USAGE = YES_ERROR;
				CLANG_WARN_DOCUMENTATION_COMMENTS = YES;
				CLANG_WARN_EMPTY_BODY = YES;
				CLANG_WARN_ENUM_CONVERSION = YES;
				CLANG_WARN_INFINITE_RECURSION = YES;
				CLANG_WARN_INT_CONVERSION = YES;
				CLANG_WARN_NON_LITERAL_NULL_CONVERSION = YES;
				CLANG_WARN_OBJC_IMPLICIT_RETAIN_SELF = YES;
				CLANG_WARN_OBJC_LITERAL_CONVERSION = YES;
				CLANG_WARN_OBJC_ROOT_CLASS = YES_ERROR;
				CLANG_WARN_QUOTED_INCLUDE_IN_FRAMEWORK_HEADER = YES;
				CLANG_WARN_RANGE_LOOP_ANALYSIS = YES;
				CLANG_WARN_STRICT_PROTOTYPES = YES;
				CLANG_WARN_SUSPICIOUS_MOVE = YES;
				CLANG_WARN_UNGUARDED_AVAILABILITY = YES_AGGRESSIVE;
				CLANG_WARN_UNREACHABLE_CODE = YES;
				CLANG_WARN__DUPLICATE_METHOD_MATCH = YES;
				COPY_PHASE_STRIP = NO;
				DEBUG_INFORMATION_FORMAT = dwarf;
				ENABLE_STRICT_OBJC_MSGSEND = YES;
				ENABLE_TESTABILITY = YES;
				GCC_C_LANGUAGE_STANDARD = gnu11;
				GCC_DYNAMIC_NO_PIC = NO;
				GCC_NO_COMMON_BLOCKS = YES;
				GCC_OPTIMIZATION_LEVEL = 0;
				GCC_PREPROCESSOR_DEFINITIONS = (
					"DEBUG=1",
					"$(inherited)",
				);
				GCC_WARN_64_TO_32_BIT_CONVERSION = YES;
				GCC_WARN_ABOUT_RETURN_TYPE = YES_ERROR;
				GCC_WARN_UNDECLARED_SELECTOR = YES;
				GCC_WARN_UNINITIALIZED_AUTOS = YES_AGGRESSIVE;
				GCC_WARN_UNUSED_FUNCTION = YES;
				GCC_WARN_UNUSED_VARIABLE = YES;
				IPHONEOS_DEPLOYMENT_TARGET = 16.0;
				MTL_ENABLE_DEBUG_INFO = INCLUDE_SOURCE;
				MTL_FAST_MATH = YES;
				ONLY_ACTIVE_ARCH = YES;
				SDKROOT = iphoneos;
				SWIFT_ACTIVE_COMPILATION_CONDITIONS = DEBUG;
				SWIFT_OPTIMIZATION_LEVEL = "-Onone";
			};
			name = Debug;
		};
		386AF3F4290BFBF9009CDE32 /* Release */ = {
			isa = XCBuildConfiguration;
			buildSettings = {
				ALWAYS_SEARCH_USER_PATHS = NO;
				CLANG_ANALYZER_NONNULL = YES;
				CLANG_ANALYZER_NUMBER_OBJECT_CONVERSION = YES_AGGRESSIVE;
				CLANG_CXX_LANGUAGE_STANDARD = "gnu++20";
				CLANG_ENABLE_MODULES = YES;
				CLANG_ENABLE_OBJC_ARC = YES;
				CLANG_ENABLE_OBJC_WEAK = YES;
				CLANG_WARN_BLOCK_CAPTURE_AUTORELEASING = YES;
				CLANG_WARN_BOOL_CONVERSION = YES;
				CLANG_WARN_COMMA = YES;
				CLANG_WARN_CONSTANT_CONVERSION = YES;
				CLANG_WARN_DEPRECATED_OBJC_IMPLEMENTATIONS = YES;
				CLANG_WARN_DIRECT_OBJC_ISA_USAGE = YES_ERROR;
				CLANG_WARN_DOCUMENTATION_COMMENTS = YES;
				CLANG_WARN_EMPTY_BODY = YES;
				CLANG_WARN_ENUM_CONVERSION = YES;
				CLANG_WARN_INFINITE_RECURSION = YES;
				CLANG_WARN_INT_CONVERSION = YES;
				CLANG_WARN_NON_LITERAL_NULL_CONVERSION = YES;
				CLANG_WARN_OBJC_IMPLICIT_RETAIN_SELF = YES;
				CLANG_WARN_OBJC_LITERAL_CONVERSION = YES;
				CLANG_WARN_OBJC_ROOT_CLASS = YES_ERROR;
				CLANG_WARN_QUOTED_INCLUDE_IN_FRAMEWORK_HEADER = YES;
				CLANG_WARN_RANGE_LOOP_ANALYSIS = YES;
				CLANG_WARN_STRICT_PROTOTYPES = YES;
				CLANG_WARN_SUSPICIOUS_MOVE = YES;
				CLANG_WARN_UNGUARDED_AVAILABILITY = YES_AGGRESSIVE;
				CLANG_WARN_UNREACHABLE_CODE = YES;
				CLANG_WARN__DUPLICATE_METHOD_MATCH = YES;
				COPY_PHASE_STRIP = NO;
				DEBUG_INFORMATION_FORMAT = "dwarf-with-dsym";
				ENABLE_NS_ASSERTIONS = NO;
				ENABLE_STRICT_OBJC_MSGSEND = YES;
				GCC_C_LANGUAGE_STANDARD = gnu11;
				GCC_NO_COMMON_BLOCKS = YES;
				GCC_WARN_64_TO_32_BIT_CONVERSION = YES;
				GCC_WARN_ABOUT_RETURN_TYPE = YES_ERROR;
				GCC_WARN_UNDECLARED_SELECTOR = YES;
				GCC_WARN_UNINITIALIZED_AUTOS = YES_AGGRESSIVE;
				GCC_WARN_UNUSED_FUNCTION = YES;
				GCC_WARN_UNUSED_VARIABLE = YES;
				IPHONEOS_DEPLOYMENT_TARGET = 16.0;
				MTL_ENABLE_DEBUG_INFO = NO;
				MTL_FAST_MATH = YES;
				SDKROOT = iphoneos;
				SWIFT_COMPILATION_MODE = wholemodule;
				SWIFT_OPTIMIZATION_LEVEL = "-O";
				VALIDATE_PRODUCT = YES;
			};
			name = Release;
		};
		386AF3F6290BFBF9009CDE32 /* Debug */ = {
			isa = XCBuildConfiguration;
			buildSettings = {
				ASSETCATALOG_COMPILER_APPICON_NAME = AppIcon;
				ASSETCATALOG_COMPILER_GLOBAL_ACCENT_COLOR_NAME = AccentColor;
				CODE_SIGN_STYLE = Automatic;
				CURRENT_PROJECT_VERSION = 1;
				DEVELOPMENT_TEAM = "";
				GENERATE_INFOPLIST_FILE = YES;
				INFOPLIST_FILE = GoClockApp/Info.plist;
				INFOPLIST_KEY_UIApplicationSupportsIndirectInputEvents = YES;
				INFOPLIST_KEY_UILaunchStoryboardName = LaunchScreen;
				INFOPLIST_KEY_UIMainStoryboardFile = "";
				INFOPLIST_KEY_UISupportedInterfaceOrientations = "UIInterfaceOrientationPortrait UIInterfaceOrientationPortraitUpsideDown";
				IPHONEOS_DEPLOYMENT_TARGET = 14.0;
				LD_RUNPATH_SEARCH_PATHS = (
					"$(inherited)",
					"@executable_path/Frameworks",
				);
				MARKETING_VERSION = 1.0;
				PRODUCT_BUNDLE_IDENTIFIER = com.zky.GoClockApp;
				PRODUCT_NAME = "$(TARGET_NAME)";
				SWIFT_EMIT_LOC_STRINGS = YES;
				SWIFT_VERSION = 5.0;
				TARGETED_DEVICE_FAMILY = "1,2";
			};
			name = Debug;
		};
		386AF3F7290BFBF9009CDE32 /* Release */ = {
			isa = XCBuildConfiguration;
			buildSettings = {
				ASSETCATALOG_COMPILER_APPICON_NAME = AppIcon;
				ASSETCATALOG_COMPILER_GLOBAL_ACCENT_COLOR_NAME = AccentColor;
				CODE_SIGN_STYLE = Automatic;
				CURRENT_PROJECT_VERSION = 1;
				DEVELOPMENT_TEAM = "";
				GENERATE_INFOPLIST_FILE = YES;
				INFOPLIST_FILE = GoClockApp/Info.plist;
				INFOPLIST_KEY_UIApplicationSupportsIndirectInputEvents = YES;
				INFOPLIST_KEY_UILaunchStoryboardName = LaunchScreen;
				INFOPLIST_KEY_UIMainStoryboardFile = "";
				INFOPLIST_KEY_UISupportedInterfaceOrientations = "UIInterfaceOrientationPortrait UIInterfaceOrientationPortraitUpsideDown";
				IPHONEOS_DEPLOYMENT_TARGET = 14.0;
				LD_RUNPATH_SEARCH_PATHS = (
					"$(inherited)",
					"@executable_path/Frameworks",
				);
				MARKETING_VERSION = 1.0;
				PRODUCT_BUNDLE_IDENTIFIER = com.zky.GoClockApp;
				PRODUCT_NAME = "$(TARGET_NAME)";
				SWIFT_EMIT_LOC_STRINGS = YES;
				SWIFT_VERSION = 5.0;
				TARGETED_DEVICE_FAMILY = "1,2";
			};
			name = Release;
		};
		386AF3F9290BFBF9009CDE32 /* Debug */ = {
			isa = XCBuildConfiguration;
			buildSettings = {
				ALWAYS_EMBED_SWIFT_STANDARD_LIBRARIES = YES;
				BUNDLE_LOADER = "$(TEST_HOST)";
				"CODE_SIGN_IDENTITY[sdk=macosx*]" = "-";
				CODE_SIGN_STYLE = Automatic;
				CURRENT_PROJECT_VERSION = 1;
				DEVELOPMENT_TEAM = "";
				GENERATE_INFOPLIST_FILE = YES;
				IPHONEOS_DEPLOYMENT_TARGET = 14.0;
				MARKETING_VERSION = 1.0;
				PRODUCT_BUNDLE_IDENTIFIER = com.zky.GoClockAppTests;
				PRODUCT_NAME = "$(TARGET_NAME)";
				SWIFT_EMIT_LOC_STRINGS = NO;
				SWIFT_VERSION = 5.0;
				TARGETED_DEVICE_FAMILY = "1,2";
				TEST_HOST = "$(BUILT_PRODUCTS_DIR)/GoClockApp.app/$(BUNDLE_EXECUTABLE_FOLDER_PATH)/GoClockApp";
			};
			name = Debug;
		};
		386AF3FA290BFBF9009CDE32 /* Release */ = {
			isa = XCBuildConfiguration;
			buildSettings = {
				ALWAYS_EMBED_SWIFT_STANDARD_LIBRARIES = YES;
				BUNDLE_LOADER = "$(TEST_HOST)";
				"CODE_SIGN_IDENTITY[sdk=macosx*]" = "-";
				CODE_SIGN_STYLE = Automatic;
				CURRENT_PROJECT_VERSION = 1;
				DEVELOPMENT_TEAM = "";
				GENERATE_INFOPLIST_FILE = YES;
				IPHONEOS_DEPLOYMENT_TARGET = 14.0;
				MARKETING_VERSION = 1.0;
				PRODUCT_BUNDLE_IDENTIFIER = com.zky.GoClockAppTests;
				PRODUCT_NAME = "$(TARGET_NAME)";
				SWIFT_EMIT_LOC_STRINGS = NO;
				SWIFT_VERSION = 5.0;
				TARGETED_DEVICE_FAMILY = "1,2";
				TEST_HOST = "$(BUILT_PRODUCTS_DIR)/GoClockApp.app/$(BUNDLE_EXECUTABLE_FOLDER_PATH)/GoClockApp";
			};
			name = Release;
		};
/* End XCBuildConfiguration section */

/* Begin XCConfigurationList section */
		386AF3C6290BFBF6009CDE32 /* Build configuration list for PBXProject "GoClockApp" */ = {
			isa = XCConfigurationList;
			buildConfigurations = (
				386AF3F3290BFBF9009CDE32 /* Debug */,
				386AF3F4290BFBF9009CDE32 /* Release */,
			);
			defaultConfigurationIsVisible = 0;
			defaultConfigurationName = Release;
		};
		386AF3F5290BFBF9009CDE32 /* Build configuration list for PBXNativeTarget "GoClockApp" */ = {
			isa = XCConfigurationList;
			buildConfigurations = (
				386AF3F6290BFBF9009CDE32 /* Debug */,
				386AF3F7290BFBF9009CDE32 /* Release */,
			);
			defaultConfigurationIsVisible = 0;
			defaultConfigurationName = Release;
		};
		386AF3F8290BFBF9009CDE32 /* Build configuration list for PBXNativeTarget "GoClockAppTests" */ = {
			isa = XCConfigurationList;
			buildConfigurations = (
				386AF3F9290BFBF9009CDE32 /* Debug */,
				386AF3FA290BFBF9009CDE32 /* Release */,
			);
			defaultConfigurationIsVisible = 0;
			defaultConfigurationName = Release;
		};
/* End XCConfigurationList section */
	};
	rootObject = 386AF3C3290BFBF6009CDE32 /* Project object */;
}
